
Microsoft Visual Studio Solution File, Format Version 12.00
# Visual Studio Version 17
VisualStudioVersion = 17.14.36811.4 d17.14
MinimumVisualStudioVersion = 10.0.40219.1
Project("{888888A0-9F3D-457C-B088-3A5042F75D52}") = "olivia_project", "olivia_project.pyproj", "{935CC068-9BB6-4266-9517-BE3CE8876D87}"
EndProject
Global
	GlobalSection(SolutionConfigurationPlatforms) = preSolution
		Debug|Any CPU = Debug|Any CPU
		Release|Any CPU = Release|Any CPU
	EndGlobalSection
	GlobalSection(ProjectConfigurationPlatforms) = postSolution
		{935CC068-9BB6-4266-9517-BE3CE8876D87}.Debug|Any CPU.ActiveCfg = Debug|Any CPU
		{935CC068-9BB6-4266-9517-BE3CE8876D87}.Debug|Any CPU.Build.0 = Debug|Any CPU
		{935CC068-9BB6-4266-9517-BE3CE8876D87}.Release|Any CPU.ActiveCfg = Release|Any CPU
		{935CC068-9BB6-4266-9517-BE3CE8876D87}.Release|Any CPU.Build.0 = Release|Any CPU
	EndGlobalSection
	GlobalSection(SolutionProperties) = preSolution
		HideSolutionNode = FALSE
	EndGlobalSection
	GlobalSection(ExtensibilityGlobals) = postSolution
		SolutionGuid = {90B34763-AB8C-4AE2-8A2E-AECAD2E612DF}
	EndGlobalSection
EndGlobal
